// !$*UTF8*$!
{
	archiveVersion = 1;
	classes = {
	};
	objectVersion = 56;
	objects = {

/* Begin PBXBuildFile section */
		61A302892AB67C1E00AF1901 /* DaySyncApp.swift in Sources */ = {isa = PBXBuildFile; fileRef = 61A302882AB67C1E00AF1901 /* DaySyncApp.swift */; };
		61A3028B2AB67C1E00AF1901 /* ContentView.swift in Sources */ = {isa = PBXBuildFile; fileRef = 61A3028A2AB67C1E00AF1901 /* ContentView.swift */; };
		61A3028D2AB67C1E00AF1901 /* Assets.xcassets in Resources */ = {isa = PBXBuildFile; fileRef = 61A3028C2AB67C1E00AF1901 /* Assets.xcassets */; };
		61A302902AB67C1E00AF1901 /* Preview Assets.xcassets in Resources */ = {isa = PBXBuildFile; fileRef = 61A3028F2AB67C1E00AF1901 /* Preview Assets.xcassets */; };
		61A302972AB67C6100AF1901 /* APIManager.swift in Sources */ = {isa = PBXBuildFile; fileRef = 61A302962AB67C6100AF1901 /* APIManager.swift */; };
		61A3029C2AB67EBC00AF1901 /* DashboardViewModel.swift in Sources */ = {isa = PBXBuildFile; fileRef = 61A3029B2AB67EBC00AF1901 /* DashboardViewModel.swift */; };
		61A302A02AB67FA000AF1901 /* Constants.swift in Sources */ = {isa = PBXBuildFile; fileRef = 61A3029F2AB67FA000AF1901 /* Constants.swift */; };
		61A302A32AB6804300AF1901 /* Utility.swift in Sources */ = {isa = PBXBuildFile; fileRef = 61A302A22AB6804300AF1901 /* Utility.swift */; };
		61A302A62AB6868200AF1901 /* DaylightModel.swift in Sources */ = {isa = PBXBuildFile; fileRef = 61A302A52AB6868200AF1901 /* DaylightModel.swift */; };
		61A302A82AB9244600AF1901 /* LocationManager.swift in Sources */ = {isa = PBXBuildFile; fileRef = 61A302A72AB9244600AF1901 /* LocationManager.swift */; };
		61A302B12ABA453B00AF1901 /* Alarm.swift in Sources */ = {isa = PBXBuildFile; fileRef = 61A302B02ABA453B00AF1901 /* Alarm.swift */; };
		61A302B32ABB8F6F00AF1901 /* AlarmViewModel.swift in Sources */ = {isa = PBXBuildFile; fileRef = 61A302B22ABB8F6F00AF1901 /* AlarmViewModel.swift */; };
/* End PBXBuildFile section */

/* Begin PBXFileReference section */
		61A302852AB67C1E00AF1901 /* DaySync.app */ = {isa = PBXFileReference; explicitFileType = wrapper.application; includeInIndex = 0; path = DaySync.app; sourceTree = BUILT_PRODUCTS_DIR; };
		61A302882AB67C1E00AF1901 /* DaySyncApp.swift */ = {isa = PBXFileReference; lastKnownFileType = sourcecode.swift; path = DaySyncApp.swift; sourceTree = "<group>"; };
		61A3028A2AB67C1E00AF1901 /* ContentView.swift */ = {isa = PBXFileReference; lastKnownFileType = sourcecode.swift; path = ContentView.swift; sourceTree = "<group>"; };
		61A3028C2AB67C1E00AF1901 /* Assets.xcassets */ = {isa = PBXFileReference; lastKnownFileType = folder.assetcatalog; path = Assets.xcassets; sourceTree = "<group>"; };
		61A3028F2AB67C1E00AF1901 /* Preview Assets.xcassets */ = {isa = PBXFileReference; lastKnownFileType = folder.assetcatalog; path = "Preview Assets.xcassets"; sourceTree = "<group>"; };
		61A302962AB67C6100AF1901 /* APIManager.swift */ = {isa = PBXFileReference; lastKnownFileType = sourcecode.swift; path = APIManager.swift; sourceTree = "<group>"; };
		61A3029B2AB67EBC00AF1901 /* DashboardViewModel.swift */ = {isa = PBXFileReference; lastKnownFileType = sourcecode.swift; path = DashboardViewModel.swift; sourceTree = "<group>"; };
		61A3029F2AB67FA000AF1901 /* Constants.swift */ = {isa = PBXFileReference; lastKnownFileType = sourcecode.swift; path = Constants.swift; sourceTree = "<group>"; };
		61A302A22AB6804300AF1901 /* Utility.swift */ = {isa = PBXFileReference; lastKnownFileType = sourcecode.swift; path = Utility.swift; sourceTree = "<group>"; };
		61A302A52AB6868200AF1901 /* DaylightModel.swift */ = {isa = PBXFileReference; lastKnownFileType = sourcecode.swift; path = DaylightModel.swift; sourceTree = "<group>"; };
		61A302A72AB9244600AF1901 /* LocationManager.swift */ = {isa = PBXFileReference; lastKnownFileType = sourcecode.swift; path = LocationManager.swift; sourceTree = "<group>"; };
		61A302B02ABA453B00AF1901 /* Alarm.swift */ = {isa = PBXFileReference; fileEncoding = 4; lastKnownFileType = sourcecode.swift; path = Alarm.swift; sourceTree = "<group>"; };
		61A302B22ABB8F6F00AF1901 /* AlarmViewModel.swift */ = {isa = PBXFileReference; lastKnownFileType = sourcecode.swift; path = AlarmViewModel.swift; sourceTree = "<group>"; };
/* End PBXFileReference section */

/* Begin PBXFrameworksBuildPhase section */
		61A302822AB67C1E00AF1901 /* Frameworks */ = {
			isa = PBXFrameworksBuildPhase;
			buildActionMask = 2147483647;
			files = (
			);
			runOnlyForDeploymentPostprocessing = 0;
		};
/* End PBXFrameworksBuildPhase section */

/* Begin PBXGroup section */
		61A3027C2AB67C1E00AF1901 = {
			isa = PBXGroup;
			children = (
				61A302872AB67C1E00AF1901 /* DaySync */,
				61A302862AB67C1E00AF1901 /* Products */,
			);
			sourceTree = "<group>";
		};
		61A302862AB67C1E00AF1901 /* Products */ = {
			isa = PBXGroup;
			children = (
				61A302852AB67C1E00AF1901 /* DaySync.app */,
			);
			name = Products;
			sourceTree = "<group>";
		};
		61A302872AB67C1E00AF1901 /* DaySync */ = {
			isa = PBXGroup;
			children = (
				61A302882AB67C1E00AF1901 /* DaySyncApp.swift */,
				61A302A42AB6807100AF1901 /* Models */,
				61A3029A2AB67E8700AF1901 /* View Models */,
				61A302992AB67E7300AF1901 /* Views */,
				61A302A12AB6801E00AF1901 /* Utility */,
				61A3029E2AB67F7A00AF1901 /* Localizations */,
				61A3029D2AB67F4C00AF1901 /* Constants */,
				61A3028C2AB67C1E00AF1901 /* Assets.xcassets */,
				61A302982AB67E5D00AF1901 /* Network Module */,
				61A3028E2AB67C1E00AF1901 /* Preview Content */,
			);
			path = DaySync;
			sourceTree = "<group>";
		};
		61A3028E2AB67C1E00AF1901 /* Preview Content */ = {
			isa = PBXGroup;
			children = (
				61A3028F2AB67C1E00AF1901 /* Preview Assets.xcassets */,
			);
			path = "Preview Content";
			sourceTree = "<group>";
		};
		61A302982AB67E5D00AF1901 /* Network Module */ = {
			isa = PBXGroup;
			children = (
				61A302962AB67C6100AF1901 /* APIManager.swift */,
			);
			path = "Network Module";
			sourceTree = "<group>";
		};
		61A302992AB67E7300AF1901 /* Views */ = {
			isa = PBXGroup;
			children = (
				61A3028A2AB67C1E00AF1901 /* ContentView.swift */,
			);
			path = Views;
			sourceTree = "<group>";
		};
		61A3029A2AB67E8700AF1901 /* View Models */ = {
			isa = PBXGroup;
			children = (
				61A3029B2AB67EBC00AF1901 /* DashboardViewModel.swift */,
				61A302A72AB9244600AF1901 /* LocationManager.swift */,
				61A302B22ABB8F6F00AF1901 /* AlarmViewModel.swift */,
			);
			path = "View Models";
			sourceTree = "<group>";
		};
		61A3029D2AB67F4C00AF1901 /* Constants */ = {
			isa = PBXGroup;
			children = (
				61A3029F2AB67FA000AF1901 /* Constants.swift */,
			);
			path = Constants;
			sourceTree = "<group>";
		};
		61A3029E2AB67F7A00AF1901 /* Localizations */ = {
			isa = PBXGroup;
			children = (
			);
			path = Localizations;
			sourceTree = "<group>";
		};
		61A302A12AB6801E00AF1901 /* Utility */ = {
			isa = PBXGroup;
			children = (
				61A302A22AB6804300AF1901 /* Utility.swift */,
			);
			path = Utility;
			sourceTree = "<group>";
		};
		61A302A42AB6807100AF1901 /* Models */ = {
			isa = PBXGroup;
			children = (
				61A302B02ABA453B00AF1901 /* Alarm.swift */,
				61A302A52AB6868200AF1901 /* DaylightModel.swift */,
			);
			path = Models;
			sourceTree = "<group>";
		};
/* End PBXGroup section */

/* Begin PBXNativeTarget section */
		61A302842AB67C1E00AF1901 /* DaySync */ = {
			isa = PBXNativeTarget;
			buildConfigurationList = 61A302932AB67C1E00AF1901 /* Build configuration list for PBXNativeTarget "DaySync" */;
			buildPhases = (
				61A302812AB67C1E00AF1901 /* Sources */,
				61A302822AB67C1E00AF1901 /* Frameworks */,
				61A302832AB67C1E00AF1901 /* Resources */,
			);
			buildRules = (
			);
			dependencies = (
			);
			name = DaySync;
			productName = DaySync;
			productReference = 61A302852AB67C1E00AF1901 /* DaySync.app */;
			productType = "com.apple.product-type.application";
		};
/* End PBXNativeTarget section */

/* Begin PBXProject section */
		61A3027D2AB67C1E00AF1901 /* Project object */ = {
			isa = PBXProject;
			attributes = {
				BuildIndependentTargetsInParallel = 1;
				LastSwiftUpdateCheck = 1410;
				LastUpgradeCheck = 1410;
				TargetAttributes = {
					61A302842AB67C1E00AF1901 = {
						CreatedOnToolsVersion = 14.1;
					};
				};
			};
			buildConfigurationList = 61A302802AB67C1E00AF1901 /* Build configuration list for PBXProject "DaySync" */;
			compatibilityVersion = "Xcode 14.0";
			developmentRegion = en;
			hasScannedForEncodings = 0;
			knownRegions = (
				en,
				Base,
			);
			mainGroup = 61A3027C2AB67C1E00AF1901;
			productRefGroup = 61A302862AB67C1E00AF1901 /* Products */;
			projectDirPath = "";
			projectRoot = "";
			targets = (
				61A302842AB67C1E00AF1901 /* DaySync */,
			);
		};
/* End PBXProject section */

/* Begin PBXResourcesBuildPhase section */
		61A302832AB67C1E00AF1901 /* Resources */ = {
			isa = PBXResourcesBuildPhase;
			buildActionMask = 2147483647;
			files = (
				61A302902AB67C1E00AF1901 /* Preview Assets.xcassets in Resources */,
				61A3028D2AB67C1E00AF1901 /* Assets.xcassets in Resources */,
			);
			runOnlyForDeploymentPostprocessing = 0;
		};
/* End PBXResourcesBuildPhase section */

/* Begin PBXSourcesBuildPhase section */
		61A302812AB67C1E00AF1901 /* Sources */ = {
			isa = PBXSourcesBuildPhase;
			buildActionMask = 2147483647;
			files = (
				61A302A02AB67FA000AF1901 /* Constants.swift in Sources */,
				61A302972AB67C6100AF1901 /* APIManager.swift in Sources */,
				61A302A62AB6868200AF1901 /* DaylightModel.swift in Sources */,
				61A302A32AB6804300AF1901 /* Utility.swift in Sources */,
				61A302B32ABB8F6F00AF1901 /* AlarmViewModel.swift in Sources */,
				61A302A82AB9244600AF1901 /* LocationManager.swift in Sources */,
				61A3028B2AB67C1E00AF1901 /* ContentView.swift in Sources */,
				61A302B12ABA453B00AF1901 /* Alarm.swift in Sources */,
				61A302892AB67C1E00AF1901 /* DaySyncApp.swift in Sources */,
				61A3029C2AB67EBC00AF1901 /* DashboardViewModel.swift in Sources */,
			);
			runOnlyForDeploymentPostprocessing = 0;
		};
/* End PBXSourcesBuildPhase section */

/* Begin XCBuildConfiguration section */
		61A302912AB67C1E00AF1901 /* Debug */ = {
			isa = XCBuildConfiguration;
			buildSettings = {
				ALWAYS_SEARCH_USER_PATHS = NO;
				CLANG_ANALYZER_NONNULL = YES;
				CLANG_ANALYZER_NUMBER_OBJECT_CONVERSION = YES_AGGRESSIVE;
				CLANG_CXX_LANGUAGE_STANDARD = "gnu++20";
				CLANG_ENABLE_MODULES = YES;
				CLANG_ENABLE_OBJC_ARC = YES;
				CLANG_ENABLE_OBJC_WEAK = YES;
				CLANG_WARN_BLOCK_CAPTURE_AUTORELEASING = YES;
				CLANG_WARN_BOOL_CONVERSION = YES;
				CLANG_WARN_COMMA = YES;
				CLANG_WARN_CONSTANT_CONVERSION = YES;
				CLANG_WARN_DEPRECATED_OBJC_IMPLEMENTATIONS = YES;
				CLANG_WARN_DIRECT_OBJC_ISA_USAGE = YES_ERROR;
				CLANG_WARN_DOCUMENTATION_COMMENTS = YES;
				CLANG_WARN_EMPTY_BODY = YES;
				CLANG_WARN_ENUM_CONVERSION = YES;
				CLANG_WARN_INFINITE_RECURSION = YES;
				CLANG_WARN_INT_CONVERSION = YES;
				CLANG_WARN_NON_LITERAL_NULL_CONVERSION = YES;
				CLANG_WARN_OBJC_IMPLICIT_RETAIN_SELF = YES;
				CLANG_WARN_OBJC_LITERAL_CONVERSION = YES;
				CLANG_WARN_OBJC_ROOT_CLASS = YES_ERROR;
				CLANG_WARN_QUOTED_INCLUDE_IN_FRAMEWORK_HEADER = YES;
				CLANG_WARN_RANGE_LOOP_ANALYSIS = YES;
				CLANG_WARN_STRICT_PROTOTYPES = YES;
				CLANG_WARN_SUSPICIOUS_MOVE = YES;
				CLANG_WARN_UNGUARDED_AVAILABILITY = YES_AGGRESSIVE;
				CLANG_WARN_UNREACHABLE_CODE = YES;
				CLANG_WARN__DUPLICATE_METHOD_MATCH = YES;
				COPY_PHASE_STRIP = NO;
				DEBUG_INFORMATION_FORMAT = dwarf;
				ENABLE_STRICT_OBJC_MSGSEND = YES;
				ENABLE_TESTABILITY = YES;
				GCC_C_LANGUAGE_STANDARD = gnu11;
				GCC_DYNAMIC_NO_PIC = NO;
				GCC_NO_COMMON_BLOCKS = YES;
				GCC_OPTIMIZATION_LEVEL = 0;
				GCC_PREPROCESSOR_DEFINITIONS = (
					"DEBUG=1",
					"$(inherited)",
				);
				GCC_WARN_64_TO_32_BIT_CONVERSION = YES;
				GCC_WARN_ABOUT_RETURN_TYPE = YES_ERROR;
				GCC_WARN_UNDECLARED_SELECTOR = YES;
				GCC_WARN_UNINITIALIZED_AUTOS = YES_AGGRESSIVE;
				GCC_WARN_UNUSED_FUNCTION = YES;
				GCC_WARN_UNUSED_VARIABLE = YES;
				IPHONEOS_DEPLOYMENT_TARGET = 16.1;
				MTL_ENABLE_DEBUG_INFO = INCLUDE_SOURCE;
				MTL_FAST_MATH = YES;
				ONLY_ACTIVE_ARCH = YES;
				SDKROOT = iphoneos;
				SWIFT_ACTIVE_COMPILATION_CONDITIONS = DEBUG;
				SWIFT_OPTIMIZATION_LEVEL = "-Onone";
			};
			name = Debug;
		};
		61A302922AB67C1E00AF1901 /* Release */ = {
			isa = XCBuildConfiguration;
			buildSettings = {
				ALWAYS_SEARCH_USER_PATHS = NO;
				CLANG_ANALYZER_NONNULL = YES;
				CLANG_ANALYZER_NUMBER_OBJECT_CONVERSION = YES_AGGRESSIVE;
				CLANG_CXX_LANGUAGE_STANDARD = "gnu++20";
				CLANG_ENABLE_MODULES = YES;
				CLANG_ENABLE_OBJC_ARC = YES;
				CLANG_ENABLE_OBJC_WEAK = YES;
				CLANG_WARN_BLOCK_CAPTURE_AUTORELEASING = YES;
				CLANG_WARN_BOOL_CONVERSION = YES;
				CLANG_WARN_COMMA = YES;
				CLANG_WARN_CONSTANT_CONVERSION = YES;
				CLANG_WARN_DEPRECATED_OBJC_IMPLEMENTATIONS = YES;
				CLANG_WARN_DIRECT_OBJC_ISA_USAGE = YES_ERROR;
				CLANG_WARN_DOCUMENTATION_COMMENTS = YES;
				CLANG_WARN_EMPTY_BODY = YES;
				CLANG_WARN_ENUM_CONVERSION = YES;
				CLANG_WARN_INFINITE_RECURSION = YES;
				CLANG_WARN_INT_CONVERSION = YES;
				CLANG_WARN_NON_LITERAL_NULL_CONVERSION = YES;
				CLANG_WARN_OBJC_IMPLICIT_RETAIN_SELF = YES;
				CLANG_WARN_OBJC_LITERAL_CONVERSION = YES;
				CLANG_WARN_OBJC_ROOT_CLASS = YES_ERROR;
				CLANG_WARN_QUOTED_INCLUDE_IN_FRAMEWORK_HEADER = YES;
				CLANG_WARN_RANGE_LOOP_ANALYSIS = YES;
				CLANG_WARN_STRICT_PROTOTYPES = YES;
				CLANG_WARN_SUSPICIOUS_MOVE = YES;
				CLANG_WARN_UNGUARDED_AVAILABILITY = YES_AGGRESSIVE;
				CLANG_WARN_UNREACHABLE_CODE = YES;
				CLANG_WARN__DUPLICATE_METHOD_MATCH = YES;
				COPY_PHASE_STRIP = NO;
				DEBUG_INFORMATION_FORMAT = "dwarf-with-dsym";
				ENABLE_NS_ASSERTIONS = NO;
				ENABLE_STRICT_OBJC_MSGSEND = YES;
				GCC_C_LANGUAGE_STANDARD = gnu11;
				GCC_NO_COMMON_BLOCKS = YES;
				GCC_WARN_64_TO_32_BIT_CONVERSION = YES;
				GCC_WARN_ABOUT_RETURN_TYPE = YES_ERROR;
				GCC_WARN_UNDECLARED_SELECTOR = YES;
				GCC_WARN_UNINITIALIZED_AUTOS = YES_AGGRESSIVE;
				GCC_WARN_UNUSED_FUNCTION = YES;
				GCC_WARN_UNUSED_VARIABLE = YES;
				IPHONEOS_DEPLOYMENT_TARGET = 16.1;
				MTL_ENABLE_DEBUG_INFO = NO;
				MTL_FAST_MATH = YES;
				SDKROOT = iphoneos;
				SWIFT_COMPILATION_MODE = wholemodule;
				SWIFT_OPTIMIZATION_LEVEL = "-O";
				VALIDATE_PRODUCT = YES;
			};
			name = Release;
		};
		61A302942AB67C1E00AF1901 /* Debug */ = {
			isa = XCBuildConfiguration;
			buildSettings = {
				ASSETCATALOG_COMPILER_APPICON_NAME = AppIcon;
				ASSETCATALOG_COMPILER_GLOBAL_ACCENT_COLOR_NAME = AccentColor;
				CODE_SIGN_STYLE = Automatic;
				CURRENT_PROJECT_VERSION = 1;
				DEVELOPMENT_ASSET_PATHS = "\"DaySync/Preview Content\"";
				DEVELOPMENT_TEAM = H8X7BGGD4F;
				ENABLE_PREVIEWS = YES;
				GENERATE_INFOPLIST_FILE = YES;
				INFOPLIST_KEY_NSLocationWhenInUseUsageDescription = "Allow Location permission to detect sunrise and sunset time for your current location";
				INFOPLIST_KEY_UIApplicationSceneManifest_Generation = YES;
				INFOPLIST_KEY_UIApplicationSupportsIndirectInputEvents = YES;
				INFOPLIST_KEY_UILaunchScreen_Generation = YES;
				INFOPLIST_KEY_UISupportedInterfaceOrientations_iPad = "UIInterfaceOrientationPortrait UIInterfaceOrientationPortraitUpsideDown UIInterfaceOrientationLandscapeLeft UIInterfaceOrientationLandscapeRight";
				INFOPLIST_KEY_UISupportedInterfaceOrientations_iPhone = "UIInterfaceOrientationPortrait UIInterfaceOrientationLandscapeLeft UIInterfaceOrientationLandscapeRight";
				LD_RUNPATH_SEARCH_PATHS = (
					"$(inherited)",
					"@executable_path/Frameworks",
				);
				MARKETING_VERSION = 1.0;
				PRODUCT_BUNDLE_IDENTIFIER = com.chetan.DaySync;
				PRODUCT_NAME = "$(TARGET_NAME)";
				SWIFT_EMIT_LOC_STRINGS = YES;
				SWIFT_VERSION = 5.0;
				TARGETED_DEVICE_FAMILY = "1,2";
			};
			name = Debug;
		};
		61A302952AB67C1E00AF1901 /* Release */ = {
			isa = XCBuildConfiguration;
			buildSettings = {
				ASSETCATALOG_COMPILER_APPICON_NAME = AppIcon;
				ASSETCATALOG_COMPILER_GLOBAL_ACCENT_COLOR_NAME = AccentColor;
				CODE_SIGN_STYLE = Automatic;
				CURRENT_PROJECT_VERSION = 1;
				DEVELOPMENT_ASSET_PATHS = "\"DaySync/Preview Content\"";
				DEVELOPMENT_TEAM = H8X7BGGD4F;
				ENABLE_PREVIEWS = YES;
				GENERATE_INFOPLIST_FILE = YES;
				INFOPLIST_KEY_NSLocationWhenInUseUsageDescription = "Allow Location permission to detect sunrise and sunset time for your current location";
				INFOPLIST_KEY_UIApplicationSceneManifest_Generation = YES;
				INFOPLIST_KEY_UIApplicationSupportsIndirectInputEvents = YES;
				INFOPLIST_KEY_UILaunchScreen_Generation = YES;
				INFOPLIST_KEY_UISupportedInterfaceOrientations_iPad = "UIInterfaceOrientationPortrait UIInterfaceOrientationPortraitUpsideDown UIInterfaceOrientationLandscapeLeft UIInterfaceOrientationLandscapeRight";
				INFOPLIST_KEY_UISupportedInterfaceOrientations_iPhone = "UIInterfaceOrientationPortrait UIInterfaceOrientationLandscapeLeft UIInterfaceOrientationLandscapeRight";
				LD_RUNPATH_SEARCH_PATHS = (
					"$(inherited)",
					"@executable_path/Frameworks",
				);
				MARKETING_VERSION = 1.0;
				PRODUCT_BUNDLE_IDENTIFIER = com.chetan.DaySync;
				PRODUCT_NAME = "$(TARGET_NAME)";
				SWIFT_EMIT_LOC_STRINGS = YES;
				SWIFT_VERSION = 5.0;
				TARGETED_DEVICE_FAMILY = "1,2";
			};
			name = Release;
		};
/* End XCBuildConfiguration section */

/* Begin XCConfigurationList section */
		61A302802AB67C1E00AF1901 /* Build configuration list for PBXProject "DaySync" */ = {
			isa = XCConfigurationList;
			buildConfigurations = (
				61A302912AB67C1E00AF1901 /* Debug */,
				61A302922AB67C1E00AF1901 /* Release */,
			);
			defaultConfigurationIsVisible = 0;
			defaultConfigurationName = Release;
		};
		61A302932AB67C1E00AF1901 /* Build configuration list for PBXNativeTarget "DaySync" */ = {
			isa = XCConfigurationList;
			buildConfigurations = (
				61A302942AB67C1E00AF1901 /* Debug */,
				61A302952AB67C1E00AF1901 /* Release */,
			);
			defaultConfigurationIsVisible = 0;
			defaultConfigurationName = Release;
		};
/* End XCConfigurationList section */
	};
	rootObject = 61A3027D2AB67C1E00AF1901 /* Project object */;
}
